
Microsoft Visual Studio Solution File, Format Version 12.00
# Visual Studio 2013
VisualStudioVersion = 12.0.31101.0
MinimumVisualStudioVersion = 10.0.40219.1
Project("{FAE04EC0-301F-11D3-BF4B-00C04F79EFBC}") = "IncrementalLoadingCollections", "IncrementalLoadingCollection\IncrementalLoadingCollections.csproj", "{76001606-53A0-4AC9-9EF5-8EF0E023B89F}"
EndProject
Project("{FAE04EC0-301F-11D3-BF4B-00C04F79EFBC}") = "JFlipView", "JFlipView\JFlipView.csproj", "{BA07BE85-2CE2-4888-8BED-A0098BD34BE6}"
EndProject
Project("{FAE04EC0-301F-11D3-BF4B-00C04F79EFBC}") = "FlipViewIndicator", "FlipViewIndicator\FlipViewIndicator.csproj", "{B27F98BF-7AC5-48F9-A0D8-2F0C791DBBEA}"
EndProject
Global
	GlobalSection(SolutionConfigurationPlatforms) = preSolution
		Debug|Any CPU = Debug|Any CPU
		Debug|ARM = Debug|ARM
		Debug|x64 = Debug|x64
		Debug|x86 = Debug|x86
		Release|Any CPU = Release|Any CPU
		Release|ARM = Release|ARM
		Release|x64 = Release|x64
		Release|x86 = Release|x86
	EndGlobalSection
	GlobalSection(ProjectConfigurationPlatforms) = postSolution
		{76001606-53A0-4AC9-9EF5-8EF0E023B89F}.Debug|Any CPU.ActiveCfg = Debug|Any CPU
		{76001606-53A0-4AC9-9EF5-8EF0E023B89F}.Debug|Any CPU.Build.0 = Debug|Any CPU
		{76001606-53A0-4AC9-9EF5-8EF0E023B89F}.Debug|ARM.ActiveCfg = Debug|Any CPU
		{76001606-53A0-4AC9-9EF5-8EF0E023B89F}.Debug|x64.ActiveCfg = Debug|Any CPU
		{76001606-53A0-4AC9-9EF5-8EF0E023B89F}.Debug|x86.ActiveCfg = Debug|Any CPU
		{76001606-53A0-4AC9-9EF5-8EF0E023B89F}.Release|Any CPU.ActiveCfg = Release|Any CPU
		{76001606-53A0-4AC9-9EF5-8EF0E023B89F}.Release|Any CPU.Build.0 = Release|Any CPU
		{76001606-53A0-4AC9-9EF5-8EF0E023B89F}.Release|ARM.ActiveCfg = Release|Any CPU
		{76001606-53A0-4AC9-9EF5-8EF0E023B89F}.Release|x64.ActiveCfg = Release|Any CPU
		{76001606-53A0-4AC9-9EF5-8EF0E023B89F}.Release|x86.ActiveCfg = Release|Any CPU
		{BA07BE85-2CE2-4888-8BED-A0098BD34BE6}.Debug|Any CPU.ActiveCfg = Debug|Any CPU
		{BA07BE85-2CE2-4888-8BED-A0098BD34BE6}.Debug|Any CPU.Build.0 = Debug|Any CPU
		{BA07BE85-2CE2-4888-8BED-A0098BD34BE6}.Debug|ARM.ActiveCfg = Debug|Any CPU
		{BA07BE85-2CE2-4888-8BED-A0098BD34BE6}.Debug|x64.ActiveCfg = Debug|Any CPU
		{BA07BE85-2CE2-4888-8BED-A0098BD34BE6}.Debug|x86.ActiveCfg = Debug|Any CPU
		{BA07BE85-2CE2-4888-8BED-A0098BD34BE6}.Release|Any CPU.ActiveCfg = Release|Any CPU
		{BA07BE85-2CE2-4888-8BED-A0098BD34BE6}.Release|Any CPU.Build.0 = Release|Any CPU
		{BA07BE85-2CE2-4888-8BED-A0098BD34BE6}.Release|ARM.ActiveCfg = Release|Any CPU
		{BA07BE85-2CE2-4888-8BED-A0098BD34BE6}.Release|x64.ActiveCfg = Release|Any CPU
		{BA07BE85-2CE2-4888-8BED-A0098BD34BE6}.Release|x86.ActiveCfg = Release|Any CPU
		{B27F98BF-7AC5-48F9-A0D8-2F0C791DBBEA}.Debug|Any CPU.ActiveCfg = Debug|Any CPU
		{B27F98BF-7AC5-48F9-A0D8-2F0C791DBBEA}.Debug|Any CPU.Build.0 = Debug|Any CPU
		{B27F98BF-7AC5-48F9-A0D8-2F0C791DBBEA}.Debug|ARM.ActiveCfg = Debug|ARM
		{B27F98BF-7AC5-48F9-A0D8-2F0C791DBBEA}.Debug|ARM.Build.0 = Debug|ARM
		{B27F98BF-7AC5-48F9-A0D8-2F0C791DBBEA}.Debug|x64.ActiveCfg = Debug|x64
		{B27F98BF-7AC5-48F9-A0D8-2F0C791DBBEA}.Debug|x64.Build.0 = Debug|x64
		{B27F98BF-7AC5-48F9-A0D8-2F0C791DBBEA}.Debug|x86.ActiveCfg = Debug|x86
		{B27F98BF-7AC5-48F9-A0D8-2F0C791DBBEA}.Debug|x86.Build.0 = Debug|x86
		{B27F98BF-7AC5-48F9-A0D8-2F0C791DBBEA}.Release|Any CPU.ActiveCfg = Release|Any CPU
		{B27F98BF-7AC5-48F9-A0D8-2F0C791DBBEA}.Release|Any CPU.Build.0 = Release|Any CPU
		{B27F98BF-7AC5-48F9-A0D8-2F0C791DBBEA}.Release|ARM.ActiveCfg = Release|ARM
		{B27F98BF-7AC5-48F9-A0D8-2F0C791DBBEA}.Release|ARM.Build.0 = Release|ARM
		{B27F98BF-7AC5-48F9-A0D8-2F0C791DBBEA}.Release|x64.ActiveCfg = Release|x64
		{B27F98BF-7AC5-48F9-A0D8-2F0C791DBBEA}.Release|x64.Build.0 = Release|x64
		{B27F98BF-7AC5-48F9-A0D8-2F0C791DBBEA}.Release|x86.ActiveCfg = Release|x86
		{B27F98BF-7AC5-48F9-A0D8-2F0C791DBBEA}.Release|x86.Build.0 = Release|x86
	EndGlobalSection
	GlobalSection(SolutionProperties) = preSolution
		HideSolutionNode = FALSE
	EndGlobalSection
EndGlobal
