
Microsoft Visual Studio Solution File, Format Version 12.00
# Visual Studio 2013
VisualStudioVersion = 12.0.31101.0
MinimumVisualStudioVersion = 10.0.40219.1
Project("{FAE04EC0-301F-11D3-BF4B-00C04F79EFBC}") = "TestAppWP", "TestAppWP\TestAppWP.csproj", "{1BCA27AD-59D8-492E-9F62-BF10F4F410A5}"
EndProject
Project("{FAE04EC0-301F-11D3-BF4B-00C04F79EFBC}") = "TestingLibApp", "TestingLibApp\TestingLibApp.csproj", "{81D3E1B8-6A53-4B12-924B-0CF093711048}"
EndProject
Project("{FAE04EC0-301F-11D3-BF4B-00C04F79EFBC}") = "PowerToolKit", "PowerToolKit\PowerToolKit.csproj", "{8EF3D159-B080-4868-AE8F-B9CC8A63682E}"
EndProject
Global
	GlobalSection(SolutionConfigurationPlatforms) = preSolution
		Debug|Any CPU = Debug|Any CPU
		Debug|ARM = Debug|ARM
		Debug|x64 = Debug|x64
		Debug|x86 = Debug|x86
		Release|Any CPU = Release|Any CPU
		Release|ARM = Release|ARM
		Release|x64 = Release|x64
		Release|x86 = Release|x86
	EndGlobalSection
	GlobalSection(ProjectConfigurationPlatforms) = postSolution
		{1BCA27AD-59D8-492E-9F62-BF10F4F410A5}.Debug|Any CPU.ActiveCfg = Debug|Any CPU
		{1BCA27AD-59D8-492E-9F62-BF10F4F410A5}.Debug|Any CPU.Build.0 = Debug|Any CPU
		{1BCA27AD-59D8-492E-9F62-BF10F4F410A5}.Debug|Any CPU.Deploy.0 = Debug|Any CPU
		{1BCA27AD-59D8-492E-9F62-BF10F4F410A5}.Debug|ARM.ActiveCfg = Debug|ARM
		{1BCA27AD-59D8-492E-9F62-BF10F4F410A5}.Debug|ARM.Build.0 = Debug|ARM
		{1BCA27AD-59D8-492E-9F62-BF10F4F410A5}.Debug|ARM.Deploy.0 = Debug|ARM
		{1BCA27AD-59D8-492E-9F62-BF10F4F410A5}.Debug|x64.ActiveCfg = Debug|Any CPU
		{1BCA27AD-59D8-492E-9F62-BF10F4F410A5}.Debug|x86.ActiveCfg = Debug|x86
		{1BCA27AD-59D8-492E-9F62-BF10F4F410A5}.Debug|x86.Build.0 = Debug|x86
		{1BCA27AD-59D8-492E-9F62-BF10F4F410A5}.Debug|x86.Deploy.0 = Debug|x86
		{1BCA27AD-59D8-492E-9F62-BF10F4F410A5}.Release|Any CPU.ActiveCfg = Release|Any CPU
		{1BCA27AD-59D8-492E-9F62-BF10F4F410A5}.Release|Any CPU.Build.0 = Release|Any CPU
		{1BCA27AD-59D8-492E-9F62-BF10F4F410A5}.Release|Any CPU.Deploy.0 = Release|Any CPU
		{1BCA27AD-59D8-492E-9F62-BF10F4F410A5}.Release|ARM.ActiveCfg = Release|ARM
		{1BCA27AD-59D8-492E-9F62-BF10F4F410A5}.Release|ARM.Build.0 = Release|ARM
		{1BCA27AD-59D8-492E-9F62-BF10F4F410A5}.Release|ARM.Deploy.0 = Release|ARM
		{1BCA27AD-59D8-492E-9F62-BF10F4F410A5}.Release|x64.ActiveCfg = Release|Any CPU
		{1BCA27AD-59D8-492E-9F62-BF10F4F410A5}.Release|x86.ActiveCfg = Release|x86
		{1BCA27AD-59D8-492E-9F62-BF10F4F410A5}.Release|x86.Build.0 = Release|x86
		{1BCA27AD-59D8-492E-9F62-BF10F4F410A5}.Release|x86.Deploy.0 = Release|x86
		{81D3E1B8-6A53-4B12-924B-0CF093711048}.Debug|Any CPU.ActiveCfg = Debug|Any CPU
		{81D3E1B8-6A53-4B12-924B-0CF093711048}.Debug|Any CPU.Build.0 = Debug|Any CPU
		{81D3E1B8-6A53-4B12-924B-0CF093711048}.Debug|Any CPU.Deploy.0 = Debug|Any CPU
		{81D3E1B8-6A53-4B12-924B-0CF093711048}.Debug|ARM.ActiveCfg = Debug|ARM
		{81D3E1B8-6A53-4B12-924B-0CF093711048}.Debug|ARM.Build.0 = Debug|ARM
		{81D3E1B8-6A53-4B12-924B-0CF093711048}.Debug|ARM.Deploy.0 = Debug|ARM
		{81D3E1B8-6A53-4B12-924B-0CF093711048}.Debug|x64.ActiveCfg = Debug|x64
		{81D3E1B8-6A53-4B12-924B-0CF093711048}.Debug|x64.Build.0 = Debug|x64
		{81D3E1B8-6A53-4B12-924B-0CF093711048}.Debug|x64.Deploy.0 = Debug|x64
		{81D3E1B8-6A53-4B12-924B-0CF093711048}.Debug|x86.ActiveCfg = Debug|x86
		{81D3E1B8-6A53-4B12-924B-0CF093711048}.Debug|x86.Build.0 = Debug|x86
		{81D3E1B8-6A53-4B12-924B-0CF093711048}.Debug|x86.Deploy.0 = Debug|x86
		{81D3E1B8-6A53-4B12-924B-0CF093711048}.Release|Any CPU.ActiveCfg = Release|Any CPU
		{81D3E1B8-6A53-4B12-924B-0CF093711048}.Release|Any CPU.Build.0 = Release|Any CPU
		{81D3E1B8-6A53-4B12-924B-0CF093711048}.Release|Any CPU.Deploy.0 = Release|Any CPU
		{81D3E1B8-6A53-4B12-924B-0CF093711048}.Release|ARM.ActiveCfg = Release|ARM
		{81D3E1B8-6A53-4B12-924B-0CF093711048}.Release|ARM.Build.0 = Release|ARM
		{81D3E1B8-6A53-4B12-924B-0CF093711048}.Release|ARM.Deploy.0 = Release|ARM
		{81D3E1B8-6A53-4B12-924B-0CF093711048}.Release|x64.ActiveCfg = Release|x64
		{81D3E1B8-6A53-4B12-924B-0CF093711048}.Release|x64.Build.0 = Release|x64
		{81D3E1B8-6A53-4B12-924B-0CF093711048}.Release|x64.Deploy.0 = Release|x64
		{81D3E1B8-6A53-4B12-924B-0CF093711048}.Release|x86.ActiveCfg = Release|x86
		{81D3E1B8-6A53-4B12-924B-0CF093711048}.Release|x86.Build.0 = Release|x86
		{81D3E1B8-6A53-4B12-924B-0CF093711048}.Release|x86.Deploy.0 = Release|x86
		{8EF3D159-B080-4868-AE8F-B9CC8A63682E}.Debug|Any CPU.ActiveCfg = Debug|Any CPU
		{8EF3D159-B080-4868-AE8F-B9CC8A63682E}.Debug|Any CPU.Build.0 = Debug|Any CPU
		{8EF3D159-B080-4868-AE8F-B9CC8A63682E}.Debug|ARM.ActiveCfg = Debug|Any CPU
		{8EF3D159-B080-4868-AE8F-B9CC8A63682E}.Debug|x64.ActiveCfg = Debug|Any CPU
		{8EF3D159-B080-4868-AE8F-B9CC8A63682E}.Debug|x86.ActiveCfg = Debug|Any CPU
		{8EF3D159-B080-4868-AE8F-B9CC8A63682E}.Release|Any CPU.ActiveCfg = Release|Any CPU
		{8EF3D159-B080-4868-AE8F-B9CC8A63682E}.Release|Any CPU.Build.0 = Release|Any CPU
		{8EF3D159-B080-4868-AE8F-B9CC8A63682E}.Release|ARM.ActiveCfg = Release|Any CPU
		{8EF3D159-B080-4868-AE8F-B9CC8A63682E}.Release|x64.ActiveCfg = Release|Any CPU
		{8EF3D159-B080-4868-AE8F-B9CC8A63682E}.Release|x86.ActiveCfg = Release|Any CPU
	EndGlobalSection
	GlobalSection(SolutionProperties) = preSolution
		HideSolutionNode = FALSE
	EndGlobalSection
EndGlobal
